// !$*UTF8*$!
{
	archiveVersion = 1;
	classes = {
	};
	objectVersion = 50;
	objects = {

/* Begin PBXBuildFile section */
		03C4E6AB20E667BE00909487 /* Model.xcdatamodeld in Sources */ = {isa = PBXBuildFile; fileRef = 03C4E6A920E667BE00909487 /* Model.xcdatamodeld */; };
		45DE512220E3D6E200B7C5A6 /* AppDelegate.swift in Sources */ = {isa = PBXBuildFile; fileRef = 45DE512120E3D6E200B7C5A6 /* AppDelegate.swift */; };
		45DE512420E3D6E200B7C5A6 /* ViewController.swift in Sources */ = {isa = PBXBuildFile; fileRef = 45DE512320E3D6E200B7C5A6 /* ViewController.swift */; };
		45DE512720E3D6E200B7C5A6 /* Main.storyboard in Resources */ = {isa = PBXBuildFile; fileRef = 45DE512520E3D6E200B7C5A6 /* Main.storyboard */; };
		45DE512920E3D6E200B7C5A6 /* Assets.xcassets in Resources */ = {isa = PBXBuildFile; fileRef = 45DE512820E3D6E200B7C5A6 /* Assets.xcassets */; };
		45DE512C20E3D6E200B7C5A6 /* LaunchScreen.storyboard in Resources */ = {isa = PBXBuildFile; fileRef = 45DE512A20E3D6E200B7C5A6 /* LaunchScreen.storyboard */; };
/* End PBXBuildFile section */

/* Begin PBXFileReference section */
		03C4E6AA20E667BE00909487 /* Model.xcdatamodel */ = {isa = PBXFileReference; lastKnownFileType = wrapper.xcdatamodel; path = Model.xcdatamodel; sourceTree = "<group>"; };
		45DE511E20E3D6E200B7C5A6 /* SosAsilo.app */ = {isa = PBXFileReference; explicitFileType = wrapper.application; includeInIndex = 0; path = SosAsilo.app; sourceTree = BUILT_PRODUCTS_DIR; };
		45DE512120E3D6E200B7C5A6 /* AppDelegate.swift */ = {isa = PBXFileReference; lastKnownFileType = sourcecode.swift; path = AppDelegate.swift; sourceTree = "<group>"; };
		45DE512320E3D6E200B7C5A6 /* ViewController.swift */ = {isa = PBXFileReference; lastKnownFileType = sourcecode.swift; path = ViewController.swift; sourceTree = "<group>"; };
		45DE512620E3D6E200B7C5A6 /* Base */ = {isa = PBXFileReference; lastKnownFileType = file.storyboard; name = Base; path = Base.lproj/Main.storyboard; sourceTree = "<group>"; };
		45DE512820E3D6E200B7C5A6 /* Assets.xcassets */ = {isa = PBXFileReference; lastKnownFileType = folder.assetcatalog; path = Assets.xcassets; sourceTree = "<group>"; };
		45DE512B20E3D6E200B7C5A6 /* Base */ = {isa = PBXFileReference; lastKnownFileType = file.storyboard; name = Base; path = Base.lproj/LaunchScreen.storyboard; sourceTree = "<group>"; };
		45DE512D20E3D6E300B7C5A6 /* Info.plist */ = {isa = PBXFileReference; lastKnownFileType = text.plist.xml; path = Info.plist; sourceTree = "<group>"; };
/* End PBXFileReference section */

/* Begin PBXFrameworksBuildPhase section */
		45DE511B20E3D6E200B7C5A6 /* Frameworks */ = {
			isa = PBXFrameworksBuildPhase;
			buildActionMask = 2147483647;
			files = (
			);
			runOnlyForDeploymentPostprocessing = 0;
		};
/* End PBXFrameworksBuildPhase section */

/* Begin PBXGroup section */
		45DE511520E3D6E200B7C5A6 = {
			isa = PBXGroup;
			children = (
				03C4E6A920E667BE00909487 /* Model.xcdatamodeld */,
				45DE512020E3D6E200B7C5A6 /* SosAsilo */,
				45DE511F20E3D6E200B7C5A6 /* Products */,
			);
			sourceTree = "<group>";
		};
		45DE511F20E3D6E200B7C5A6 /* Products */ = {
			isa = PBXGroup;
			children = (
				45DE511E20E3D6E200B7C5A6 /* SosAsilo.app */,
			);
			name = Products;
			sourceTree = "<group>";
		};
		45DE512020E3D6E200B7C5A6 /* SosAsilo */ = {
			isa = PBXGroup;
			children = (
				45DE512120E3D6E200B7C5A6 /* AppDelegate.swift */,
				45DE512320E3D6E200B7C5A6 /* ViewController.swift */,
				45DE512520E3D6E200B7C5A6 /* Main.storyboard */,
				45DE512820E3D6E200B7C5A6 /* Assets.xcassets */,
				45DE512A20E3D6E200B7C5A6 /* LaunchScreen.storyboard */,
				45DE512D20E3D6E300B7C5A6 /* Info.plist */,
			);
			path = SosAsilo;
			sourceTree = "<group>";
		};
/* End PBXGroup section */

/* Begin PBXNativeTarget section */
		45DE511D20E3D6E200B7C5A6 /* SosAsilo */ = {
			isa = PBXNativeTarget;
			buildConfigurationList = 45DE513020E3D6E300B7C5A6 /* Build configuration list for PBXNativeTarget "SosAsilo" */;
			buildPhases = (
				45DE511A20E3D6E200B7C5A6 /* Sources */,
				45DE511B20E3D6E200B7C5A6 /* Frameworks */,
				45DE511C20E3D6E200B7C5A6 /* Resources */,
			);
			buildRules = (
			);
			dependencies = (
			);
			name = SosAsilo;
			productName = SosAsilo;
			productReference = 45DE511E20E3D6E200B7C5A6 /* SosAsilo.app */;
			productType = "com.apple.product-type.application";
		};
/* End PBXNativeTarget section */

/* Begin PBXProject section */
		45DE511620E3D6E200B7C5A6 /* Project object */ = {
			isa = PBXProject;
			attributes = {
				LastSwiftUpdateCheck = 0930;
				LastUpgradeCheck = 0930;
				ORGANIZATIONNAME = "Fabrício Wolff";
				TargetAttributes = {
					45DE511D20E3D6E200B7C5A6 = {
						CreatedOnToolsVersion = 9.3;
					};
				};
			};
			buildConfigurationList = 45DE511920E3D6E200B7C5A6 /* Build configuration list for PBXProject "SosAsilo" */;
			compatibilityVersion = "Xcode 9.3";
			developmentRegion = en;
			hasScannedForEncodings = 0;
			knownRegions = (
				en,
				Base,
			);
			mainGroup = 45DE511520E3D6E200B7C5A6;
			productRefGroup = 45DE511F20E3D6E200B7C5A6 /* Products */;
			projectDirPath = "";
			projectRoot = "";
			targets = (
				45DE511D20E3D6E200B7C5A6 /* SosAsilo */,
			);
		};
/* End PBXProject section */

/* Begin PBXResourcesBuildPhase section */
		45DE511C20E3D6E200B7C5A6 /* Resources */ = {
			isa = PBXResourcesBuildPhase;
			buildActionMask = 2147483647;
			files = (
				45DE512C20E3D6E200B7C5A6 /* LaunchScreen.storyboard in Resources */,
				45DE512920E3D6E200B7C5A6 /* Assets.xcassets in Resources */,
				45DE512720E3D6E200B7C5A6 /* Main.storyboard in Resources */,
			);
			runOnlyForDeploymentPostprocessing = 0;
		};
/* End PBXResourcesBuildPhase section */

/* Begin PBXSourcesBuildPhase section */
		45DE511A20E3D6E200B7C5A6 /* Sources */ = {
			isa = PBXSourcesBuildPhase;
			buildActionMask = 2147483647;
			files = (
				45DE512420E3D6E200B7C5A6 /* ViewController.swift in Sources */,
				45DE512220E3D6E200B7C5A6 /* AppDelegate.swift in Sources */,
				03C4E6AB20E667BE00909487 /* Model.xcdatamodeld in Sources */,
			);
			runOnlyForDeploymentPostprocessing = 0;
		};
/* End PBXSourcesBuildPhase section */

/* Begin PBXVariantGroup section */
		45DE512520E3D6E200B7C5A6 /* Main.storyboard */ = {
			isa = PBXVariantGroup;
			children = (
				45DE512620E3D6E200B7C5A6 /* Base */,
			);
			name = Main.storyboard;
			sourceTree = "<group>";
		};
		45DE512A20E3D6E200B7C5A6 /* LaunchScreen.storyboard */ = {
			isa = PBXVariantGroup;
			children = (
				45DE512B20E3D6E200B7C5A6 /* Base */,
			);
			name = LaunchScreen.storyboard;
			sourceTree = "<group>";
		};
/* End PBXVariantGroup section */

/* Begin XCBuildConfiguration section */
		45DE512E20E3D6E300B7C5A6 /* Debug */ = {
			isa = XCBuildConfiguration;
			buildSettings = {
				ALWAYS_SEARCH_USER_PATHS = NO;
				CLANG_ANALYZER_NONNULL = YES;
				CLANG_ANALYZER_NUMBER_OBJECT_CONVERSION = YES_AGGRESSIVE;
				CLANG_CXX_LANGUAGE_STANDARD = "gnu++14";
				CLANG_CXX_LIBRARY = "libc++";
				CLANG_ENABLE_MODULES = YES;
				CLANG_ENABLE_OBJC_ARC = YES;
				CLANG_ENABLE_OBJC_WEAK = YES;
				CLANG_WARN_BLOCK_CAPTURE_AUTORELEASING = YES;
				CLANG_WARN_BOOL_CONVERSION = YES;
				CLANG_WARN_COMMA = YES;
				CLANG_WARN_CONSTANT_CONVERSION = YES;
				CLANG_WARN_DEPRECATED_OBJC_IMPLEMENTATIONS = YES;
				CLANG_WARN_DIRECT_OBJC_ISA_USAGE = YES_ERROR;
				CLANG_WARN_DOCUMENTATION_COMMENTS = YES;
				CLANG_WARN_EMPTY_BODY = YES;
				CLANG_WARN_ENUM_CONVERSION = YES;
				CLANG_WARN_INFINITE_RECURSION = YES;
				CLANG_WARN_INT_CONVERSION = YES;
				CLANG_WARN_NON_LITERAL_NULL_CONVERSION = YES;
				CLANG_WARN_OBJC_IMPLICIT_RETAIN_SELF = YES;
				CLANG_WARN_OBJC_LITERAL_CONVERSION = YES;
				CLANG_WARN_OBJC_ROOT_CLASS = YES_ERROR;
				CLANG_WARN_RANGE_LOOP_ANALYSIS = YES;
				CLANG_WARN_STRICT_PROTOTYPES = YES;
				CLANG_WARN_SUSPICIOUS_MOVE = YES;
				CLANG_WARN_UNGUARDED_AVAILABILITY = YES_AGGRESSIVE;
				CLANG_WARN_UNREACHABLE_CODE = YES;
				CLANG_WARN__DUPLICATE_METHOD_MATCH = YES;
				CODE_SIGN_IDENTITY = "iPhone Developer";
				COPY_PHASE_STRIP = NO;
				DEBUG_INFORMATION_FORMAT = dwarf;
				ENABLE_STRICT_OBJC_MSGSEND = YES;
				ENABLE_TESTABILITY = YES;
				GCC_C_LANGUAGE_STANDARD = gnu11;
				GCC_DYNAMIC_NO_PIC = NO;
				GCC_NO_COMMON_BLOCKS = YES;
				GCC_OPTIMIZATION_LEVEL = 0;
				GCC_PREPROCESSOR_DEFINITIONS = (
					"DEBUG=1",
					"$(inherited)",
				);
				GCC_WARN_64_TO_32_BIT_CONVERSION = YES;
				GCC_WARN_ABOUT_RETURN_TYPE = YES_ERROR;
				GCC_WARN_UNDECLARED_SELECTOR = YES;
				GCC_WARN_UNINITIALIZED_AUTOS = YES_AGGRESSIVE;
				GCC_WARN_UNUSED_FUNCTION = YES;
				GCC_WARN_UNUSED_VARIABLE = YES;
				IPHONEOS_DEPLOYMENT_TARGET = 11.3;
				MTL_ENABLE_DEBUG_INFO = YES;
				ONLY_ACTIVE_ARCH = YES;
				SDKROOT = iphoneos;
				SWIFT_ACTIVE_COMPILATION_CONDITIONS = DEBUG;
				SWIFT_OPTIMIZATION_LEVEL = "-Onone";
			};
			name = Debug;
		};
		45DE512F20E3D6E300B7C5A6 /* Release */ = {
			isa = XCBuildConfiguration;
			buildSettings = {
				ALWAYS_SEARCH_USER_PATHS = NO;
				CLANG_ANALYZER_NONNULL = YES;
				CLANG_ANALYZER_NUMBER_OBJECT_CONVERSION = YES_AGGRESSIVE;
				CLANG_CXX_LANGUAGE_STANDARD = "gnu++14";
				CLANG_CXX_LIBRARY = "libc++";
				CLANG_ENABLE_MODULES = YES;
				CLANG_ENABLE_OBJC_ARC = YES;
				CLANG_ENABLE_OBJC_WEAK = YES;
				CLANG_WARN_BLOCK_CAPTURE_AUTORELEASING = YES;
				CLANG_WARN_BOOL_CONVERSION = YES;
				CLANG_WARN_COMMA = YES;
				CLANG_WARN_CONSTANT_CONVERSION = YES;
				CLANG_WARN_DEPRECATED_OBJC_IMPLEMENTATIONS = YES;
				CLANG_WARN_DIRECT_OBJC_ISA_USAGE = YES_ERROR;
				CLANG_WARN_DOCUMENTATION_COMMENTS = YES;
				CLANG_WARN_EMPTY_BODY = YES;
				CLANG_WARN_ENUM_CONVERSION = YES;
				CLANG_WARN_INFINITE_RECURSION = YES;
				CLANG_WARN_INT_CONVERSION = YES;
				CLANG_WARN_NON_LITERAL_NULL_CONVERSION = YES;
				CLANG_WARN_OBJC_IMPLICIT_RETAIN_SELF = YES;
				CLANG_WARN_OBJC_LITERAL_CONVERSION = YES;
				CLANG_WARN_OBJC_ROOT_CLASS = YES_ERROR;
				CLANG_WARN_RANGE_LOOP_ANALYSIS = YES;
				CLANG_WARN_STRICT_PROTOTYPES = YES;
				CLANG_WARN_SUSPICIOUS_MOVE = YES;
				CLANG_WARN_UNGUARDED_AVAILABILITY = YES_AGGRESSIVE;
				CLANG_WARN_UNREACHABLE_CODE = YES;
				CLANG_WARN__DUPLICATE_METHOD_MATCH = YES;
				CODE_SIGN_IDENTITY = "iPhone Developer";
				COPY_PHASE_STRIP = NO;
				DEBUG_INFORMATION_FORMAT = "dwarf-with-dsym";
				ENABLE_NS_ASSERTIONS = NO;
				ENABLE_STRICT_OBJC_MSGSEND = YES;
				GCC_C_LANGUAGE_STANDARD = gnu11;
				GCC_NO_COMMON_BLOCKS = YES;
				GCC_WARN_64_TO_32_BIT_CONVERSION = YES;
				GCC_WARN_ABOUT_RETURN_TYPE = YES_ERROR;
				GCC_WARN_UNDECLARED_SELECTOR = YES;
				GCC_WARN_UNINITIALIZED_AUTOS = YES_AGGRESSIVE;
				GCC_WARN_UNUSED_FUNCTION = YES;
				GCC_WARN_UNUSED_VARIABLE = YES;
				IPHONEOS_DEPLOYMENT_TARGET = 11.3;
				MTL_ENABLE_DEBUG_INFO = NO;
				SDKROOT = iphoneos;
				SWIFT_COMPILATION_MODE = wholemodule;
				SWIFT_OPTIMIZATION_LEVEL = "-O";
				VALIDATE_PRODUCT = YES;
			};
			name = Release;
		};
		45DE513120E3D6E300B7C5A6 /* Debug */ = {
			isa = XCBuildConfiguration;
			buildSettings = {
				ASSETCATALOG_COMPILER_APPICON_NAME = AppIcon;
				CODE_SIGN_STYLE = Automatic;
				INFOPLIST_FILE = SosAsilo/Info.plist;
				LD_RUNPATH_SEARCH_PATHS = (
					"$(inherited)",
					"@executable_path/Frameworks",
				);
				PRODUCT_BUNDLE_IDENTIFIER = com.fabriciowolff.SosAsilo;
				PRODUCT_NAME = "$(TARGET_NAME)";
				SWIFT_VERSION = 4.0;
				TARGETED_DEVICE_FAMILY = "1,2";
			};
			name = Debug;
		};
		45DE513220E3D6E300B7C5A6 /* Release */ = {
			isa = XCBuildConfiguration;
			buildSettings = {
				ASSETCATALOG_COMPILER_APPICON_NAME = AppIcon;
				CODE_SIGN_STYLE = Automatic;
				INFOPLIST_FILE = SosAsilo/Info.plist;
				LD_RUNPATH_SEARCH_PATHS = (
					"$(inherited)",
					"@executable_path/Frameworks",
				);
				PRODUCT_BUNDLE_IDENTIFIER = com.fabriciowolff.SosAsilo;
				PRODUCT_NAME = "$(TARGET_NAME)";
				SWIFT_VERSION = 4.0;
				TARGETED_DEVICE_FAMILY = "1,2";
			};
			name = Release;
		};
/* End XCBuildConfiguration section */

/* Begin XCConfigurationList section */
		45DE511920E3D6E200B7C5A6 /* Build configuration list for PBXProject "SosAsilo" */ = {
			isa = XCConfigurationList;
			buildConfigurations = (
				45DE512E20E3D6E300B7C5A6 /* Debug */,
				45DE512F20E3D6E300B7C5A6 /* Release */,
			);
			defaultConfigurationIsVisible = 0;
			defaultConfigurationName = Release;
		};
		45DE513020E3D6E300B7C5A6 /* Build configuration list for PBXNativeTarget "SosAsilo" */ = {
			isa = XCConfigurationList;
			buildConfigurations = (
				45DE513120E3D6E300B7C5A6 /* Debug */,
				45DE513220E3D6E300B7C5A6 /* Release */,
			);
			defaultConfigurationIsVisible = 0;
			defaultConfigurationName = Release;
		};
/* End XCConfigurationList section */

/* Begin XCVersionGroup section */
		03C4E6A920E667BE00909487 /* Model.xcdatamodeld */ = {
			isa = XCVersionGroup;
			children = (
				03C4E6AA20E667BE00909487 /* Model.xcdatamodel */,
			);
			currentVersion = 03C4E6AA20E667BE00909487 /* Model.xcdatamodel */;
			path = Model.xcdatamodeld;
			sourceTree = "<group>";
			versionGroupType = wrapper.xcdatamodel;
		};
/* End XCVersionGroup section */
	};
	rootObject = 45DE511620E3D6E200B7C5A6 /* Project object */;
}
